<?xml version="1.0" encoding="utf-8"?>
<Project ToolsVersion="4.0" xmlns="http://schemas.microsoft.com/developer/msbuild/2003">
  <ItemGroup>
    <Filter Include="源文件">
      <UniqueIdentifier>{4FC737F1-C7A5-4376-A066-2A32D752A2FF}</UniqueIdentifier>
      <Extensions>cpp;c;cc;cxx;def;odl;idl;hpj;bat;asm;asmx</Extensions>
    </Filter>
    <Filter Include="头文件">
      <UniqueIdentifier>{93995380-89BD-4b04-88EB-625FBE52EBFB}</UniqueIdentifier>
      <Extensions>h;hh;hpp;hxx;hm;inl;inc;xsd</Extensions>
    </Filter>
    <Filter Include="资源文件">
      <UniqueIdentifier>{67DA6AB6-F800-4c08-8B7A-83BB121AAD01}</UniqueIdentifier>
      <Extensions>rc;ico;cur;bmp;dlg;rc2;rct;bin;rgs;gif;jpg;jpeg;jpe;resx;tiff;tif;png;wav;mfcribbon-ms</Extensions>
    </Filter>
    <Filter Include="源文件\List">
      <UniqueIdentifier>{5fe36064-91c8-431a-8c9a-a9f58a6446f2}</UniqueIdentifier>
    </Filter>
    <Filter Include="源文件\Queue">
      <UniqueIdentifier>{27a4a51b-6d2b-4cfb-91bd-1eb8da85afa2}</UniqueIdentifier>
    </Filter>
    <Filter Include="源文件\Tree">
      <UniqueIdentifier>{f2163df4-1d50-45b3-840d-894db70dd3b1}</UniqueIdentifier>
    </Filter>
    <Filter Include="源文件\Tree\BiTree">
      <UniqueIdentifier>{4877ed06-2d63-4f12-96d8-69f5939011c3}</UniqueIdentifier>
    </Filter>
    <Filter Include="源文件\Tree\BiThrTree">
      <UniqueIdentifier>{4c87fa50-ce80-417c-9203-848e6a5208ee}</UniqueIdentifier>
    </Filter>
    <Filter Include="源文件\Stack">
      <UniqueIdentifier>{f517f950-dcf5-4b9a-b931-041fb785c487}</UniqueIdentifier>
    </Filter>
    <Filter Include="源文件\Queue\LinkQueue">
      <UniqueIdentifier>{726869a6-18ba-4b02-92a8-6ccdfc4837ec}</UniqueIdentifier>
    </Filter>
    <Filter Include="源文件\Queue\SqQueue">
      <UniqueIdentifier>{19567f4a-09bc-42e8-bde6-3c81ad3acff6}</UniqueIdentifier>
    </Filter>
    <Filter Include="源文件\List\LinkList">
      <UniqueIdentifier>{60c83bb8-2829-4918-a4b2-321d45b5268f}</UniqueIdentifier>
    </Filter>
    <Filter Include="源文件\Stack\SqStack">
      <UniqueIdentifier>{1cb7d142-504a-4183-9de6-ba0af7a07fc5}</UniqueIdentifier>
    </Filter>
    <Filter Include="源文件\List\SLList">
      <UniqueIdentifier>{13c79ed4-8fd4-4e77-a758-fba97572925c}</UniqueIdentifier>
    </Filter>
    <Filter Include="源文件\List\SqList">
      <UniqueIdentifier>{af5996df-3a0b-4c88-ac52-d12a228cfa3e}</UniqueIdentifier>
    </Filter>
    <Filter Include="头文件\Tree">
      <UniqueIdentifier>{261c67e2-1d76-4ae8-adf3-bce63c701cdf}</UniqueIdentifier>
    </Filter>
    <Filter Include="头文件\List">
      <UniqueIdentifier>{67cd96ce-ea59-4b1a-9709-6804dc689de9}</UniqueIdentifier>
    </Filter>
    <Filter Include="头文件\Stack">
      <UniqueIdentifier>{bed12d7b-e4ce-4bb5-9e67-565c0e6660b3}</UniqueIdentifier>
    </Filter>
    <Filter Include="头文件\Queue">
      <UniqueIdentifier>{1b791921-f533-45b1-8b2c-630584f6416e}</UniqueIdentifier>
    </Filter>
  </ItemGroup>
  <ItemGroup>
    <ClCompile Include="GetTop.cpp">
      <Filter>源文件\Stack\SqStack</Filter>
    </ClCompile>
    <ClCompile Include="InitStack.cpp">
      <Filter>源文件\Stack\SqStack</Filter>
    </ClCompile>
    <ClCompile Include="Pop.cpp">
      <Filter>源文件\Stack\SqStack</Filter>
    </ClCompile>
    <ClCompile Include="Push.cpp">
      <Filter>源文件\Stack\SqStack</Filter>
    </ClCompile>
    <ClCompile Include="StackEmpty.cpp">
      <Filter>源文件\Stack\SqStack</Filter>
    </ClCompile>
    <ClCompile Include="StackFull.cpp">
      <Filter>源文件\Stack\SqStack</Filter>
    </ClCompile>
    <ClCompile Include="CreateList_L.cpp">
      <Filter>源文件\List\LinkList</Filter>
    </ClCompile>
    <ClCompile Include="GetElem_L.cpp">
      <Filter>源文件\List\LinkList</Filter>
    </ClCompile>
    <ClCompile Include="ListDelete_L.cpp">
      <Filter>源文件\List\LinkList</Filter>
    </ClCompile>
    <ClCompile Include="ListInsert_L.cpp">
      <Filter>源文件\List\LinkList</Filter>
    </ClCompile>
    <ClCompile Include="MergeList_L.cpp">
      <Filter>源文件\List\LinkList</Filter>
    </ClCompile>
    <ClCompile Include="InitList_Sq.cpp">
      <Filter>源文件\List\SqList</Filter>
    </ClCompile>
    <ClCompile Include="ListDelete_Sq.cpp">
      <Filter>源文件\List\SqList</Filter>
    </ClCompile>
    <ClCompile Include="ListInsert_Sq.cpp">
      <Filter>源文件\List\SqList</Filter>
    </ClCompile>
    <ClCompile Include="LocateElem_Sq.cpp">
      <Filter>源文件\List\SqList</Filter>
    </ClCompile>
    <ClCompile Include="MergeList_Sq.cpp">
      <Filter>源文件\List\SqList</Filter>
    </ClCompile>
    <ClCompile Include="Free_SL.cpp">
      <Filter>源文件\List\SLList</Filter>
    </ClCompile>
    <ClCompile Include="InitSpace_SL.cpp">
      <Filter>源文件\List\SLList</Filter>
    </ClCompile>
    <ClCompile Include="LocateElem_SL.cpp">
      <Filter>源文件\List\SLList</Filter>
    </ClCompile>
    <ClCompile Include="Malloc_SL.cpp">
      <Filter>源文件\List\SLList</Filter>
    </ClCompile>
    <ClCompile Include="InitQueue_Sq.cpp">
      <Filter>源文件\Queue\SqQueue</Filter>
    </ClCompile>
    <ClCompile Include="QueueLength_Sq.cpp">
      <Filter>源文件\Queue\SqQueue</Filter>
    </ClCompile>
    <ClCompile Include="EnQueue_Sq.cpp">
      <Filter>源文件\Queue\SqQueue</Filter>
    </ClCompile>
    <ClCompile Include="DeQueue_L.cpp">
      <Filter>源文件\Queue\LinkQueue</Filter>
    </ClCompile>
    <ClCompile Include="DestroyQueue_L.cpp">
      <Filter>源文件\Queue\LinkQueue</Filter>
    </ClCompile>
    <ClCompile Include="EnQueue_L.cpp">
      <Filter>源文件\Queue\LinkQueue</Filter>
    </ClCompile>
    <ClCompile Include="InitQueue_L.cpp">
      <Filter>源文件\Queue\LinkQueue</Filter>
    </ClCompile>
    <ClCompile Include="DeQueue_Sq.cpp">
      <Filter>源文件\Queue\SqQueue</Filter>
    </ClCompile>
    <ClCompile Include="PreOrderTraverse.cpp">
      <Filter>源文件\Tree\BiTree</Filter>
    </ClCompile>
    <ClCompile Include="InOrderTraverse.cpp">
      <Filter>源文件\Tree\BiTree</Filter>
    </ClCompile>
    <ClCompile Include="CreateBiTree.cpp">
      <Filter>源文件\Tree\BiTree</Filter>
    </ClCompile>
    <ClCompile Include="main.cpp">
      <Filter>源文件</Filter>
    </ClCompile>
    <ClCompile Include="PrintElement.cpp">
      <Filter>源文件\Tree\BiTree</Filter>
    </ClCompile>
    <ClCompile Include="InOrderTraverse_Thr.cpp">
      <Filter>源文件\Tree\BiThrTree</Filter>
    </ClCompile>
    <ClCompile Include="InOrderThreading.cpp">
      <Filter>源文件\Tree\BiThrTree</Filter>
    </ClCompile>
    <ClCompile Include="InThreading.cpp">
      <Filter>源文件\Tree\BiThrTree</Filter>
    </ClCompile>
  </ItemGroup>
  <ItemGroup>
    <ClInclude Include="predefine.h">
      <Filter>头文件</Filter>
    </ClInclude>
    <ClInclude Include="BiThrTree.h">
      <Filter>头文件\Tree</Filter>
    </ClInclude>
    <ClInclude Include="BiTree.h">
      <Filter>头文件\Tree</Filter>
    </ClInclude>
    <ClInclude Include="SqStack.h">
      <Filter>头文件\Stack</Filter>
    </ClInclude>
    <ClInclude Include="LinkQueue.h">
      <Filter>头文件\Queue</Filter>
    </ClInclude>
    <ClInclude Include="SqQueue.h">
      <Filter>头文件\Queue</Filter>
    </ClInclude>
    <ClInclude Include="LinkList.h">
      <Filter>头文件\List</Filter>
    </ClInclude>
    <ClInclude Include="SLList.h">
      <Filter>头文件\List</Filter>
    </ClInclude>
    <ClInclude Include="SqList.h">
      <Filter>头文件\List</Filter>
    </ClInclude>
  </ItemGroup>
</Project>